// !$*UTF8*$!
{
	archiveVersion = 1;
	classes = {
	};
	objectVersion = 48;
	objects = {

/* Begin PBXBuildFile section */
		516F64061FE897C6005DB798 /* SelectRoomTypeTblVC.swift in Sources */ = {isa = PBXBuildFile; fileRef = 516F64051FE897C6005DB798 /* SelectRoomTypeTblVC.swift */; };
		51918B031FE4ABE6005129A2 /* AppDelegate.swift in Sources */ = {isa = PBXBuildFile; fileRef = 51918B021FE4ABE6005129A2 /* AppDelegate.swift */; };
		51918B081FE4ABE6005129A2 /* Main.storyboard in Resources */ = {isa = PBXBuildFile; fileRef = 51918B061FE4ABE6005129A2 /* Main.storyboard */; };
		51918B0A1FE4ABE6005129A2 /* Assets.xcassets in Resources */ = {isa = PBXBuildFile; fileRef = 51918B091FE4ABE6005129A2 /* Assets.xcassets */; };
		51918B0D1FE4ABE6005129A2 /* LaunchScreen.storyboard in Resources */ = {isa = PBXBuildFile; fileRef = 51918B0B1FE4ABE6005129A2 /* LaunchScreen.storyboard */; };
		51918B151FE4AF62005129A2 /* AddRegistrationTableViewController.swift in Sources */ = {isa = PBXBuildFile; fileRef = 51918B141FE4AF62005129A2 /* AddRegistrationTableViewController.swift */; };
/* End PBXBuildFile section */

/* Begin PBXFileReference section */
		516F64051FE897C6005DB798 /* SelectRoomTypeTblVC.swift */ = {isa = PBXFileReference; lastKnownFileType = sourcecode.swift; path = SelectRoomTypeTblVC.swift; sourceTree = "<group>"; };
		51918AFF1FE4ABE6005129A2 /* RegisterHotelGuests.app */ = {isa = PBXFileReference; explicitFileType = wrapper.application; includeInIndex = 0; path = RegisterHotelGuests.app; sourceTree = BUILT_PRODUCTS_DIR; };
		51918B021FE4ABE6005129A2 /* AppDelegate.swift */ = {isa = PBXFileReference; lastKnownFileType = sourcecode.swift; path = AppDelegate.swift; sourceTree = "<group>"; };
		51918B071FE4ABE6005129A2 /* Base */ = {isa = PBXFileReference; lastKnownFileType = file.storyboard; name = Base; path = Base.lproj/Main.storyboard; sourceTree = "<group>"; };
		51918B091FE4ABE6005129A2 /* Assets.xcassets */ = {isa = PBXFileReference; lastKnownFileType = folder.assetcatalog; path = Assets.xcassets; sourceTree = "<group>"; };
		51918B0C1FE4ABE6005129A2 /* Base */ = {isa = PBXFileReference; lastKnownFileType = file.storyboard; name = Base; path = Base.lproj/LaunchScreen.storyboard; sourceTree = "<group>"; };
		51918B0E1FE4ABE6005129A2 /* Info.plist */ = {isa = PBXFileReference; lastKnownFileType = text.plist.xml; path = Info.plist; sourceTree = "<group>"; };
		51918B141FE4AF62005129A2 /* AddRegistrationTableViewController.swift */ = {isa = PBXFileReference; lastKnownFileType = sourcecode.swift; path = AddRegistrationTableViewController.swift; sourceTree = "<group>"; };
/* End PBXFileReference section */

/* Begin PBXFrameworksBuildPhase section */
		51918AFC1FE4ABE6005129A2 /* Frameworks */ = {
			isa = PBXFrameworksBuildPhase;
			buildActionMask = 2147483647;
			files = (
			);
			runOnlyForDeploymentPostprocessing = 0;
		};
/* End PBXFrameworksBuildPhase section */

/* Begin PBXGroup section */
		51918AF61FE4ABE6005129A2 = {
			isa = PBXGroup;
			children = (
				51918B011FE4ABE6005129A2 /* RegisterHotelGuests */,
				51918B001FE4ABE6005129A2 /* Products */,
			);
			sourceTree = "<group>";
		};
		51918B001FE4ABE6005129A2 /* Products */ = {
			isa = PBXGroup;
			children = (
				51918AFF1FE4ABE6005129A2 /* RegisterHotelGuests.app */,
			);
			name = Products;
			sourceTree = "<group>";
		};
		51918B011FE4ABE6005129A2 /* RegisterHotelGuests */ = {
			isa = PBXGroup;
			children = (
				51918B021FE4ABE6005129A2 /* AppDelegate.swift */,
				51918B061FE4ABE6005129A2 /* Main.storyboard */,
				516F64051FE897C6005DB798 /* SelectRoomTypeTblVC.swift */,
				51918B141FE4AF62005129A2 /* AddRegistrationTableViewController.swift */,
				51918B091FE4ABE6005129A2 /* Assets.xcassets */,
				51918B0B1FE4ABE6005129A2 /* LaunchScreen.storyboard */,
				51918B0E1FE4ABE6005129A2 /* Info.plist */,
			);
			path = RegisterHotelGuests;
			sourceTree = "<group>";
		};
/* End PBXGroup section */

/* Begin PBXNativeTarget section */
		51918AFE1FE4ABE6005129A2 /* RegisterHotelGuests */ = {
			isa = PBXNativeTarget;
			buildConfigurationList = 51918B111FE4ABE6005129A2 /* Build configuration list for PBXNativeTarget "RegisterHotelGuests" */;
			buildPhases = (
				51918AFB1FE4ABE6005129A2 /* Sources */,
				51918AFC1FE4ABE6005129A2 /* Frameworks */,
				51918AFD1FE4ABE6005129A2 /* Resources */,
			);
			buildRules = (
			);
			dependencies = (
			);
			name = RegisterHotelGuests;
			productName = RegisterHotelGuests;
			productReference = 51918AFF1FE4ABE6005129A2 /* RegisterHotelGuests.app */;
			productType = "com.apple.product-type.application";
		};
/* End PBXNativeTarget section */

/* Begin PBXProject section */
		51918AF71FE4ABE6005129A2 /* Project object */ = {
			isa = PBXProject;
			attributes = {
				LastSwiftUpdateCheck = 0910;
				LastUpgradeCheck = 0910;
				ORGANIZATIONNAME = "Amaan Khan";
				TargetAttributes = {
					51918AFE1FE4ABE6005129A2 = {
						CreatedOnToolsVersion = 9.1;
						ProvisioningStyle = Automatic;
					};
				};
			};
			buildConfigurationList = 51918AFA1FE4ABE6005129A2 /* Build configuration list for PBXProject "RegisterHotelGuests" */;
			compatibilityVersion = "Xcode 8.0";
			developmentRegion = en;
			hasScannedForEncodings = 0;
			knownRegions = (
				en,
				Base,
			);
			mainGroup = 51918AF61FE4ABE6005129A2;
			productRefGroup = 51918B001FE4ABE6005129A2 /* Products */;
			projectDirPath = "";
			projectRoot = "";
			targets = (
				51918AFE1FE4ABE6005129A2 /* RegisterHotelGuests */,
			);
		};
/* End PBXProject section */

/* Begin PBXResourcesBuildPhase section */
		51918AFD1FE4ABE6005129A2 /* Resources */ = {
			isa = PBXResourcesBuildPhase;
			buildActionMask = 2147483647;
			files = (
				51918B0D1FE4ABE6005129A2 /* LaunchScreen.storyboard in Resources */,
				51918B0A1FE4ABE6005129A2 /* Assets.xcassets in Resources */,
				51918B081FE4ABE6005129A2 /* Main.storyboard in Resources */,
			);
			runOnlyForDeploymentPostprocessing = 0;
		};
/* End PBXResourcesBuildPhase section */

/* Begin PBXSourcesBuildPhase section */
		51918AFB1FE4ABE6005129A2 /* Sources */ = {
			isa = PBXSourcesBuildPhase;
			buildActionMask = 2147483647;
			files = (
				516F64061FE897C6005DB798 /* SelectRoomTypeTblVC.swift in Sources */,
				51918B151FE4AF62005129A2 /* AddRegistrationTableViewController.swift in Sources */,
				51918B031FE4ABE6005129A2 /* AppDelegate.swift in Sources */,
			);
			runOnlyForDeploymentPostprocessing = 0;
		};
/* End PBXSourcesBuildPhase section */

/* Begin PBXVariantGroup section */
		51918B061FE4ABE6005129A2 /* Main.storyboard */ = {
			isa = PBXVariantGroup;
			children = (
				51918B071FE4ABE6005129A2 /* Base */,
			);
			name = Main.storyboard;
			sourceTree = "<group>";
		};
		51918B0B1FE4ABE6005129A2 /* LaunchScreen.storyboard */ = {
			isa = PBXVariantGroup;
			children = (
				51918B0C1FE4ABE6005129A2 /* Base */,
			);
			name = LaunchScreen.storyboard;
			sourceTree = "<group>";
		};
/* End PBXVariantGroup section */

/* Begin XCBuildConfiguration section */
		51918B0F1FE4ABE6005129A2 /* Debug */ = {
			isa = XCBuildConfiguration;
			buildSettings = {
				ALWAYS_SEARCH_USER_PATHS = NO;
				CLANG_ANALYZER_NONNULL = YES;
				CLANG_ANALYZER_NUMBER_OBJECT_CONVERSION = YES_AGGRESSIVE;
				CLANG_CXX_LANGUAGE_STANDARD = "gnu++14";
				CLANG_CXX_LIBRARY = "libc++";
				CLANG_ENABLE_MODULES = YES;
				CLANG_ENABLE_OBJC_ARC = YES;
				CLANG_WARN_BLOCK_CAPTURE_AUTORELEASING = YES;
				CLANG_WARN_BOOL_CONVERSION = YES;
				CLANG_WARN_COMMA = YES;
				CLANG_WARN_CONSTANT_CONVERSION = YES;
				CLANG_WARN_DIRECT_OBJC_ISA_USAGE = YES_ERROR;
				CLANG_WARN_DOCUMENTATION_COMMENTS = YES;
				CLANG_WARN_EMPTY_BODY = YES;
				CLANG_WARN_ENUM_CONVERSION = YES;
				CLANG_WARN_INFINITE_RECURSION = YES;
				CLANG_WARN_INT_CONVERSION = YES;
				CLANG_WARN_NON_LITERAL_NULL_CONVERSION = YES;
				CLANG_WARN_OBJC_LITERAL_CONVERSION = YES;
				CLANG_WARN_OBJC_ROOT_CLASS = YES_ERROR;
				CLANG_WARN_RANGE_LOOP_ANALYSIS = YES;
				CLANG_WARN_STRICT_PROTOTYPES = YES;
				CLANG_WARN_SUSPICIOUS_MOVE = YES;
				CLANG_WARN_UNGUARDED_AVAILABILITY = YES_AGGRESSIVE;
				CLANG_WARN_UNREACHABLE_CODE = YES;
				CLANG_WARN__DUPLICATE_METHOD_MATCH = YES;
				CODE_SIGN_IDENTITY = "iPhone Developer";
				COPY_PHASE_STRIP = NO;
				DEBUG_INFORMATION_FORMAT = dwarf;
				ENABLE_STRICT_OBJC_MSGSEND = YES;
				ENABLE_TESTABILITY = YES;
				GCC_C_LANGUAGE_STANDARD = gnu11;
				GCC_DYNAMIC_NO_PIC = NO;
				GCC_NO_COMMON_BLOCKS = YES;
				GCC_OPTIMIZATION_LEVEL = 0;
				GCC_PREPROCESSOR_DEFINITIONS = (
					"DEBUG=1",
					"$(inherited)",
				);
				GCC_WARN_64_TO_32_BIT_CONVERSION = YES;
				GCC_WARN_ABOUT_RETURN_TYPE = YES_ERROR;
				GCC_WARN_UNDECLARED_SELECTOR = YES;
				GCC_WARN_UNINITIALIZED_AUTOS = YES_AGGRESSIVE;
				GCC_WARN_UNUSED_FUNCTION = YES;
				GCC_WARN_UNUSED_VARIABLE = YES;
				IPHONEOS_DEPLOYMENT_TARGET = 11.1;
				MTL_ENABLE_DEBUG_INFO = YES;
				ONLY_ACTIVE_ARCH = YES;
				SDKROOT = iphoneos;
				SWIFT_ACTIVE_COMPILATION_CONDITIONS = DEBUG;
				SWIFT_OPTIMIZATION_LEVEL = "-Onone";
			};
			name = Debug;
		};
		51918B101FE4ABE6005129A2 /* Release */ = {
			isa = XCBuildConfiguration;
			buildSettings = {
				ALWAYS_SEARCH_USER_PATHS = NO;
				CLANG_ANALYZER_NONNULL = YES;
				CLANG_ANALYZER_NUMBER_OBJECT_CONVERSION = YES_AGGRESSIVE;
				CLANG_CXX_LANGUAGE_STANDARD = "gnu++14";
				CLANG_CXX_LIBRARY = "libc++";
				CLANG_ENABLE_MODULES = YES;
				CLANG_ENABLE_OBJC_ARC = YES;
				CLANG_WARN_BLOCK_CAPTURE_AUTORELEASING = YES;
				CLANG_WARN_BOOL_CONVERSION = YES;
				CLANG_WARN_COMMA = YES;
				CLANG_WARN_CONSTANT_CONVERSION = YES;
				CLANG_WARN_DIRECT_OBJC_ISA_USAGE = YES_ERROR;
				CLANG_WARN_DOCUMENTATION_COMMENTS = YES;
				CLANG_WARN_EMPTY_BODY = YES;
				CLANG_WARN_ENUM_CONVERSION = YES;
				CLANG_WARN_INFINITE_RECURSION = YES;
				CLANG_WARN_INT_CONVERSION = YES;
				CLANG_WARN_NON_LITERAL_NULL_CONVERSION = YES;
				CLANG_WARN_OBJC_LITERAL_CONVERSION = YES;
				CLANG_WARN_OBJC_ROOT_CLASS = YES_ERROR;
				CLANG_WARN_RANGE_LOOP_ANALYSIS = YES;
				CLANG_WARN_STRICT_PROTOTYPES = YES;
				CLANG_WARN_SUSPICIOUS_MOVE = YES;
				CLANG_WARN_UNGUARDED_AVAILABILITY = YES_AGGRESSIVE;
				CLANG_WARN_UNREACHABLE_CODE = YES;
				CLANG_WARN__DUPLICATE_METHOD_MATCH = YES;
				CODE_SIGN_IDENTITY = "iPhone Developer";
				COPY_PHASE_STRIP = NO;
				DEBUG_INFORMATION_FORMAT = "dwarf-with-dsym";
				ENABLE_NS_ASSERTIONS = NO;
				ENABLE_STRICT_OBJC_MSGSEND = YES;
				GCC_C_LANGUAGE_STANDARD = gnu11;
				GCC_NO_COMMON_BLOCKS = YES;
				GCC_WARN_64_TO_32_BIT_CONVERSION = YES;
				GCC_WARN_ABOUT_RETURN_TYPE = YES_ERROR;
				GCC_WARN_UNDECLARED_SELECTOR = YES;
				GCC_WARN_UNINITIALIZED_AUTOS = YES_AGGRESSIVE;
				GCC_WARN_UNUSED_FUNCTION = YES;
				GCC_WARN_UNUSED_VARIABLE = YES;
				IPHONEOS_DEPLOYMENT_TARGET = 11.1;
				MTL_ENABLE_DEBUG_INFO = NO;
				SDKROOT = iphoneos;
				SWIFT_OPTIMIZATION_LEVEL = "-Owholemodule";
				VALIDATE_PRODUCT = YES;
			};
			name = Release;
		};
		51918B121FE4ABE6005129A2 /* Debug */ = {
			isa = XCBuildConfiguration;
			buildSettings = {
				ASSETCATALOG_COMPILER_APPICON_NAME = AppIcon;
				CODE_SIGN_STYLE = Automatic;
				INFOPLIST_FILE = RegisterHotelGuests/Info.plist;
				LD_RUNPATH_SEARCH_PATHS = "$(inherited) @executable_path/Frameworks";
				PRODUCT_BUNDLE_IDENTIFIER = ma39khan.uwaterloo.RegisterHotelGuests;
				PRODUCT_NAME = "$(TARGET_NAME)";
				SWIFT_VERSION = 4.0;
				TARGETED_DEVICE_FAMILY = "1,2";
			};
			name = Debug;
		};
		51918B131FE4ABE6005129A2 /* Release */ = {
			isa = XCBuildConfiguration;
			buildSettings = {
				ASSETCATALOG_COMPILER_APPICON_NAME = AppIcon;
				CODE_SIGN_STYLE = Automatic;
				INFOPLIST_FILE = RegisterHotelGuests/Info.plist;
				LD_RUNPATH_SEARCH_PATHS = "$(inherited) @executable_path/Frameworks";
				PRODUCT_BUNDLE_IDENTIFIER = ma39khan.uwaterloo.RegisterHotelGuests;
				PRODUCT_NAME = "$(TARGET_NAME)";
				SWIFT_VERSION = 4.0;
				TARGETED_DEVICE_FAMILY = "1,2";
			};
			name = Release;
		};
/* End XCBuildConfiguration section */

/* Begin XCConfigurationList section */
		51918AFA1FE4ABE6005129A2 /* Build configuration list for PBXProject "RegisterHotelGuests" */ = {
			isa = XCConfigurationList;
			buildConfigurations = (
				51918B0F1FE4ABE6005129A2 /* Debug */,
				51918B101FE4ABE6005129A2 /* Release */,
			);
			defaultConfigurationIsVisible = 0;
			defaultConfigurationName = Release;
		};
		51918B111FE4ABE6005129A2 /* Build configuration list for PBXNativeTarget "RegisterHotelGuests" */ = {
			isa = XCConfigurationList;
			buildConfigurations = (
				51918B121FE4ABE6005129A2 /* Debug */,
				51918B131FE4ABE6005129A2 /* Release */,
			);
			defaultConfigurationIsVisible = 0;
			defaultConfigurationName = Release;
		};
/* End XCConfigurationList section */
	};
	rootObject = 51918AF71FE4ABE6005129A2 /* Project object */;
}
